
Microsoft Visual Studio Solution File, Format Version 12.00
# Visual Studio Version 17
VisualStudioVersion = 17.9.34728.123
MinimumVisualStudioVersion = 10.0.40219.1
Project("{2150E333-8FDC-42A3-9474-1A3956D46DE8}") = "Solution Items", "Solution Items", "{74DB9EFB-36E8-4119-9946-CEA2FB5EC79F}"
	ProjectSection(SolutionItems) = preProject
		local_config.json = local_config.json
	EndProjectSection
EndProject
Project("{9A19103F-16F7-4668-BE54-9A1E7A4F7556}") = "ClinicPlatformBusinessObject", "DentalClinicBookingPlatform\ClinicPlatformBusinessObject\ClinicPlatformBusinessObject.csproj", "{8B1B705B-4165-4F7A-A96B-63C03D89B7E5}"
EndProject
Project("{9A19103F-16F7-4668-BE54-9A1E7A4F7556}") = "ClinicPlatformDAOs", "DentalClinicBookingPlatform\ClinicPlatformDAOs\ClinicPlatformDAOs.csproj", "{20DED9FB-EFD9-4A6F-B06D-12B8CE4924D5}"
EndProject
Project("{2150E333-8FDC-42A3-9474-1A3956D46DE8}") = "DentalClinicBookingPlatform", "DentalClinicBookingPlatform", "{3CE94026-E62A-434A-BCDA-01C6EAF7A47E}"
EndProject
Project("{9A19103F-16F7-4668-BE54-9A1E7A4F7556}") = "ClinicPlatformDTOs", "DentalClinicBookingPlatform\ClinicPlatformDTOs\ClinicPlatformDTOs.csproj", "{62802B1A-A232-43D9-A273-63EB824D17B8}"
EndProject
Project("{9A19103F-16F7-4668-BE54-9A1E7A4F7556}") = "ClinicPlatformRepositories", "DentalClinicBookingPlatform\ClinicPlatformRepositories\ClinicPlatformRepositories.csproj", "{46556A7E-7879-4480-A382-24B1743255C3}"
EndProject
Project("{9A19103F-16F7-4668-BE54-9A1E7A4F7556}") = "ClinicPlatformServices", "DentalClinicBookingPlatform\ClinicPlatformServices\ClinicPlatformServices.csproj", "{369FCBA4-DE4A-4C9F-88C5-9F422E53F478}"
EndProject
Project("{9A19103F-16F7-4668-BE54-9A1E7A4F7556}") = "ClinicPlatformWebAPI", "DentalClinicBookingPlatform\ClinicPlatformWebAPI\ClinicPlatformWebAPI.csproj", "{FDA99E00-F94B-46EB-8C50-9C0072A87367}"
EndProject
Project("{9A19103F-16F7-4668-BE54-9A1E7A4F7556}") = "Core", "DentalClinicBookingPlatform_Old\Core\Core.csproj", "{8A29F578-C3F7-4F76-8FC2-193DFAE0305D}"
EndProject
Project("{2150E333-8FDC-42A3-9474-1A3956D46DE8}") = "DentalClinicPlatform_Old", "DentalClinicPlatform_Old", "{A01C3891-C9FD-4038-8D69-BEC0B1845468}"
EndProject
Project("{9A19103F-16F7-4668-BE54-9A1E7A4F7556}") = "Middlewares", "DentalClinicBookingPlatform_Old\Middlewares\Middlewares.csproj", "{E909A6AD-254A-4984-A60C-4A380B94B367}"
EndProject
Project("{9A19103F-16F7-4668-BE54-9A1E7A4F7556}") = "Repositories", "DentalClinicBookingPlatform_Old\Repositories\Repositories.csproj", "{85AFA9E6-1667-4F4F-931E-8B8B6532E8FA}"
EndProject
Project("{9A19103F-16F7-4668-BE54-9A1E7A4F7556}") = "Services", "DentalClinicBookingPlatform_Old\Services\Services.csproj", "{D165C81A-9181-4677-873B-34D24A463F66}"
EndProject
Project("{9A19103F-16F7-4668-BE54-9A1E7A4F7556}") = "WebAPI", "DentalClinicBookingPlatform_Old\WebAPI\WebAPI.csproj", "{BDFF559B-A8A2-4EE8-9383-5060552A5784}"
EndProject
Global
	GlobalSection(SolutionConfigurationPlatforms) = preSolution
		Debug|Any CPU = Debug|Any CPU
		Release|Any CPU = Release|Any CPU
	EndGlobalSection
	GlobalSection(ProjectConfigurationPlatforms) = postSolution
		{8B1B705B-4165-4F7A-A96B-63C03D89B7E5}.Debug|Any CPU.ActiveCfg = Debug|Any CPU
		{8B1B705B-4165-4F7A-A96B-63C03D89B7E5}.Debug|Any CPU.Build.0 = Debug|Any CPU
		{8B1B705B-4165-4F7A-A96B-63C03D89B7E5}.Release|Any CPU.ActiveCfg = Release|Any CPU
		{8B1B705B-4165-4F7A-A96B-63C03D89B7E5}.Release|Any CPU.Build.0 = Release|Any CPU
		{20DED9FB-EFD9-4A6F-B06D-12B8CE4924D5}.Debug|Any CPU.ActiveCfg = Debug|Any CPU
		{20DED9FB-EFD9-4A6F-B06D-12B8CE4924D5}.Debug|Any CPU.Build.0 = Debug|Any CPU
		{20DED9FB-EFD9-4A6F-B06D-12B8CE4924D5}.Release|Any CPU.ActiveCfg = Release|Any CPU
		{20DED9FB-EFD9-4A6F-B06D-12B8CE4924D5}.Release|Any CPU.Build.0 = Release|Any CPU
		{62802B1A-A232-43D9-A273-63EB824D17B8}.Debug|Any CPU.ActiveCfg = Debug|Any CPU
		{62802B1A-A232-43D9-A273-63EB824D17B8}.Debug|Any CPU.Build.0 = Debug|Any CPU
		{62802B1A-A232-43D9-A273-63EB824D17B8}.Release|Any CPU.ActiveCfg = Release|Any CPU
		{62802B1A-A232-43D9-A273-63EB824D17B8}.Release|Any CPU.Build.0 = Release|Any CPU
		{46556A7E-7879-4480-A382-24B1743255C3}.Debug|Any CPU.ActiveCfg = Debug|Any CPU
		{46556A7E-7879-4480-A382-24B1743255C3}.Debug|Any CPU.Build.0 = Debug|Any CPU
		{46556A7E-7879-4480-A382-24B1743255C3}.Release|Any CPU.ActiveCfg = Release|Any CPU
		{46556A7E-7879-4480-A382-24B1743255C3}.Release|Any CPU.Build.0 = Release|Any CPU
		{369FCBA4-DE4A-4C9F-88C5-9F422E53F478}.Debug|Any CPU.ActiveCfg = Debug|Any CPU
		{369FCBA4-DE4A-4C9F-88C5-9F422E53F478}.Debug|Any CPU.Build.0 = Debug|Any CPU
		{369FCBA4-DE4A-4C9F-88C5-9F422E53F478}.Release|Any CPU.ActiveCfg = Release|Any CPU
		{369FCBA4-DE4A-4C9F-88C5-9F422E53F478}.Release|Any CPU.Build.0 = Release|Any CPU
		{FDA99E00-F94B-46EB-8C50-9C0072A87367}.Debug|Any CPU.ActiveCfg = Debug|Any CPU
		{FDA99E00-F94B-46EB-8C50-9C0072A87367}.Debug|Any CPU.Build.0 = Debug|Any CPU
		{FDA99E00-F94B-46EB-8C50-9C0072A87367}.Release|Any CPU.ActiveCfg = Release|Any CPU
		{FDA99E00-F94B-46EB-8C50-9C0072A87367}.Release|Any CPU.Build.0 = Release|Any CPU
		{8A29F578-C3F7-4F76-8FC2-193DFAE0305D}.Debug|Any CPU.ActiveCfg = Debug|Any CPU
		{8A29F578-C3F7-4F76-8FC2-193DFAE0305D}.Debug|Any CPU.Build.0 = Debug|Any CPU
		{8A29F578-C3F7-4F76-8FC2-193DFAE0305D}.Release|Any CPU.ActiveCfg = Release|Any CPU
		{8A29F578-C3F7-4F76-8FC2-193DFAE0305D}.Release|Any CPU.Build.0 = Release|Any CPU
		{E909A6AD-254A-4984-A60C-4A380B94B367}.Debug|Any CPU.ActiveCfg = Debug|Any CPU
		{E909A6AD-254A-4984-A60C-4A380B94B367}.Debug|Any CPU.Build.0 = Debug|Any CPU
		{E909A6AD-254A-4984-A60C-4A380B94B367}.Release|Any CPU.ActiveCfg = Release|Any CPU
		{E909A6AD-254A-4984-A60C-4A380B94B367}.Release|Any CPU.Build.0 = Release|Any CPU
		{85AFA9E6-1667-4F4F-931E-8B8B6532E8FA}.Debug|Any CPU.ActiveCfg = Debug|Any CPU
		{85AFA9E6-1667-4F4F-931E-8B8B6532E8FA}.Debug|Any CPU.Build.0 = Debug|Any CPU
		{85AFA9E6-1667-4F4F-931E-8B8B6532E8FA}.Release|Any CPU.ActiveCfg = Release|Any CPU
		{85AFA9E6-1667-4F4F-931E-8B8B6532E8FA}.Release|Any CPU.Build.0 = Release|Any CPU
		{D165C81A-9181-4677-873B-34D24A463F66}.Debug|Any CPU.ActiveCfg = Debug|Any CPU
		{D165C81A-9181-4677-873B-34D24A463F66}.Debug|Any CPU.Build.0 = Debug|Any CPU
		{D165C81A-9181-4677-873B-34D24A463F66}.Release|Any CPU.ActiveCfg = Release|Any CPU
		{D165C81A-9181-4677-873B-34D24A463F66}.Release|Any CPU.Build.0 = Release|Any CPU
		{BDFF559B-A8A2-4EE8-9383-5060552A5784}.Debug|Any CPU.ActiveCfg = Debug|Any CPU
		{BDFF559B-A8A2-4EE8-9383-5060552A5784}.Debug|Any CPU.Build.0 = Debug|Any CPU
		{BDFF559B-A8A2-4EE8-9383-5060552A5784}.Release|Any CPU.ActiveCfg = Release|Any CPU
		{BDFF559B-A8A2-4EE8-9383-5060552A5784}.Release|Any CPU.Build.0 = Release|Any CPU
	EndGlobalSection
	GlobalSection(SolutionProperties) = preSolution
		HideSolutionNode = FALSE
	EndGlobalSection
	GlobalSection(NestedProjects) = preSolution
		{8B1B705B-4165-4F7A-A96B-63C03D89B7E5} = {3CE94026-E62A-434A-BCDA-01C6EAF7A47E}
		{20DED9FB-EFD9-4A6F-B06D-12B8CE4924D5} = {3CE94026-E62A-434A-BCDA-01C6EAF7A47E}
		{62802B1A-A232-43D9-A273-63EB824D17B8} = {3CE94026-E62A-434A-BCDA-01C6EAF7A47E}
		{46556A7E-7879-4480-A382-24B1743255C3} = {3CE94026-E62A-434A-BCDA-01C6EAF7A47E}
		{369FCBA4-DE4A-4C9F-88C5-9F422E53F478} = {3CE94026-E62A-434A-BCDA-01C6EAF7A47E}
		{FDA99E00-F94B-46EB-8C50-9C0072A87367} = {3CE94026-E62A-434A-BCDA-01C6EAF7A47E}
		{8A29F578-C3F7-4F76-8FC2-193DFAE0305D} = {A01C3891-C9FD-4038-8D69-BEC0B1845468}
		{E909A6AD-254A-4984-A60C-4A380B94B367} = {A01C3891-C9FD-4038-8D69-BEC0B1845468}
		{85AFA9E6-1667-4F4F-931E-8B8B6532E8FA} = {A01C3891-C9FD-4038-8D69-BEC0B1845468}
		{D165C81A-9181-4677-873B-34D24A463F66} = {A01C3891-C9FD-4038-8D69-BEC0B1845468}
		{BDFF559B-A8A2-4EE8-9383-5060552A5784} = {A01C3891-C9FD-4038-8D69-BEC0B1845468}
	EndGlobalSection
	GlobalSection(ExtensibilityGlobals) = postSolution
		SolutionGuid = {CC990A86-8927-4064-BDA0-58445643A92E}
	EndGlobalSection
EndGlobal
