
Microsoft Visual Studio Solution File, Format Version 12.00
# Visual Studio Version 17
VisualStudioVersion = 17.9.34728.123
MinimumVisualStudioVersion = 10.0.40219.1
Project("{9A19103F-16F7-4668-BE54-9A1E7A4F7556}") = "WebAPI", "WebAPI\WebAPI.csproj", "{ED24763C-7C66-4C76-A3FE-1C8642A1DC04}"
EndProject
Project("{9A19103F-16F7-4668-BE54-9A1E7A4F7556}") = "Repositories", "Repositories\Repositories.csproj", "{41A7BF23-5039-4853-827B-F03BCCB47048}"
EndProject
Project("{9A19103F-16F7-4668-BE54-9A1E7A4F7556}") = "Services", "Services\Services.csproj", "{8096C23E-7C85-4ADC-B40E-BA0409EE44E5}"
EndProject
Project("{9A19103F-16F7-4668-BE54-9A1E7A4F7556}") = "Core", "Core\Core.csproj", "{C23F6356-CC0B-4AED-8FD4-156A323C44FF}"
EndProject
Project("{9A19103F-16F7-4668-BE54-9A1E7A4F7556}") = "Middlewares", "Middlewares\Middlewares.csproj", "{0CAC2419-646F-40EB-A8AE-6B6533218F78}"
EndProject
Project("{FAE04EC0-301F-11D3-BF4B-00C04F79EFBC}") = "ClinicPlatformDAOs", "ClinicPlatformDAOs\ClinicPlatformDAOs.csproj", "{95278298-2CD9-4DF8-A732-27EE9820DE40}"
EndProject
Project("{FAE04EC0-301F-11D3-BF4B-00C04F79EFBC}") = "ClinicPlatformRepositories", "ClinicPlatformRepositories\ClinicPlatformRepositories.csproj", "{CBA2B5AC-F0DA-4362-B17C-61DCD50ACF8D}"
EndProject
Project("{FAE04EC0-301F-11D3-BF4B-00C04F79EFBC}") = "ClinicPlatformServices", "ClinicPlatformServices\ClinicPlatformServices.csproj", "{D685B9CB-5ACC-4F7F-98AC-C7DE782065B9}"
EndProject
Project("{FAE04EC0-301F-11D3-BF4B-00C04F79EFBC}") = "ClinicPlatformWebAPI", "ClinicPlatformWebAPI\ClinicPlatformWebAPI.csproj", "{96DE5D41-0272-4E52-9AE3-B761A04AF535}"
EndProject
Project("{FAE04EC0-301F-11D3-BF4B-00C04F79EFBC}") = "ClinicPlatformBusinessObject", "ClinicPlatformBusinessObject\ClinicPlatformBusinessObject.csproj", "{9CCA2267-535B-4289-94BF-7FA43CA74AD3}"
EndProject
Project("{FAE04EC0-301F-11D3-BF4B-00C04F79EFBC}") = "ClinicPlatformDTOs", "ClinicPlatformDTOs\ClinicPlatformDTOs.csproj", "{2D0677B5-D998-4060-A975-19C14E41F365}"
EndProject
Project("{2150E333-8FDC-42A3-9474-1A3956D46DE8}") = "NLayerArchitecture", "NLayerArchitecture", "{3ADA02FC-B87D-4199-A3CC-7846DE1DC952}"
EndProject
Project("{2150E333-8FDC-42A3-9474-1A3956D46DE8}") = "Solution Items", "Solution Items", "{74DB9EFB-36E8-4119-9946-CEA2FB5EC79F}"
	ProjectSection(SolutionItems) = preProject
		local_config.json = local_config.json
	EndProjectSection
EndProject
Global
	GlobalSection(SolutionConfigurationPlatforms) = preSolution
		Debug|Any CPU = Debug|Any CPU
		Release|Any CPU = Release|Any CPU
	EndGlobalSection
	GlobalSection(ProjectConfigurationPlatforms) = postSolution
		{ED24763C-7C66-4C76-A3FE-1C8642A1DC04}.Debug|Any CPU.ActiveCfg = Debug|Any CPU
		{ED24763C-7C66-4C76-A3FE-1C8642A1DC04}.Debug|Any CPU.Build.0 = Debug|Any CPU
		{ED24763C-7C66-4C76-A3FE-1C8642A1DC04}.Release|Any CPU.ActiveCfg = Release|Any CPU
		{ED24763C-7C66-4C76-A3FE-1C8642A1DC04}.Release|Any CPU.Build.0 = Release|Any CPU
		{41A7BF23-5039-4853-827B-F03BCCB47048}.Debug|Any CPU.ActiveCfg = Debug|Any CPU
		{41A7BF23-5039-4853-827B-F03BCCB47048}.Debug|Any CPU.Build.0 = Debug|Any CPU
		{41A7BF23-5039-4853-827B-F03BCCB47048}.Release|Any CPU.ActiveCfg = Release|Any CPU
		{41A7BF23-5039-4853-827B-F03BCCB47048}.Release|Any CPU.Build.0 = Release|Any CPU
		{8096C23E-7C85-4ADC-B40E-BA0409EE44E5}.Debug|Any CPU.ActiveCfg = Debug|Any CPU
		{8096C23E-7C85-4ADC-B40E-BA0409EE44E5}.Debug|Any CPU.Build.0 = Debug|Any CPU
		{8096C23E-7C85-4ADC-B40E-BA0409EE44E5}.Release|Any CPU.ActiveCfg = Release|Any CPU
		{8096C23E-7C85-4ADC-B40E-BA0409EE44E5}.Release|Any CPU.Build.0 = Release|Any CPU
		{C23F6356-CC0B-4AED-8FD4-156A323C44FF}.Debug|Any CPU.ActiveCfg = Debug|Any CPU
		{C23F6356-CC0B-4AED-8FD4-156A323C44FF}.Debug|Any CPU.Build.0 = Debug|Any CPU
		{C23F6356-CC0B-4AED-8FD4-156A323C44FF}.Release|Any CPU.ActiveCfg = Release|Any CPU
		{C23F6356-CC0B-4AED-8FD4-156A323C44FF}.Release|Any CPU.Build.0 = Release|Any CPU
		{0CAC2419-646F-40EB-A8AE-6B6533218F78}.Debug|Any CPU.ActiveCfg = Debug|Any CPU
		{0CAC2419-646F-40EB-A8AE-6B6533218F78}.Debug|Any CPU.Build.0 = Debug|Any CPU
		{0CAC2419-646F-40EB-A8AE-6B6533218F78}.Release|Any CPU.ActiveCfg = Release|Any CPU
		{0CAC2419-646F-40EB-A8AE-6B6533218F78}.Release|Any CPU.Build.0 = Release|Any CPU
		{95278298-2CD9-4DF8-A732-27EE9820DE40}.Debug|Any CPU.ActiveCfg = Debug|Any CPU
		{95278298-2CD9-4DF8-A732-27EE9820DE40}.Debug|Any CPU.Build.0 = Debug|Any CPU
		{95278298-2CD9-4DF8-A732-27EE9820DE40}.Release|Any CPU.ActiveCfg = Release|Any CPU
		{95278298-2CD9-4DF8-A732-27EE9820DE40}.Release|Any CPU.Build.0 = Release|Any CPU
		{CBA2B5AC-F0DA-4362-B17C-61DCD50ACF8D}.Debug|Any CPU.ActiveCfg = Debug|Any CPU
		{CBA2B5AC-F0DA-4362-B17C-61DCD50ACF8D}.Debug|Any CPU.Build.0 = Debug|Any CPU
		{CBA2B5AC-F0DA-4362-B17C-61DCD50ACF8D}.Release|Any CPU.ActiveCfg = Release|Any CPU
		{CBA2B5AC-F0DA-4362-B17C-61DCD50ACF8D}.Release|Any CPU.Build.0 = Release|Any CPU
		{D685B9CB-5ACC-4F7F-98AC-C7DE782065B9}.Debug|Any CPU.ActiveCfg = Debug|Any CPU
		{D685B9CB-5ACC-4F7F-98AC-C7DE782065B9}.Debug|Any CPU.Build.0 = Debug|Any CPU
		{D685B9CB-5ACC-4F7F-98AC-C7DE782065B9}.Release|Any CPU.ActiveCfg = Release|Any CPU
		{D685B9CB-5ACC-4F7F-98AC-C7DE782065B9}.Release|Any CPU.Build.0 = Release|Any CPU
		{96DE5D41-0272-4E52-9AE3-B761A04AF535}.Debug|Any CPU.ActiveCfg = Debug|Any CPU
		{96DE5D41-0272-4E52-9AE3-B761A04AF535}.Debug|Any CPU.Build.0 = Debug|Any CPU
		{96DE5D41-0272-4E52-9AE3-B761A04AF535}.Release|Any CPU.ActiveCfg = Release|Any CPU
		{96DE5D41-0272-4E52-9AE3-B761A04AF535}.Release|Any CPU.Build.0 = Release|Any CPU
		{9CCA2267-535B-4289-94BF-7FA43CA74AD3}.Debug|Any CPU.ActiveCfg = Debug|Any CPU
		{9CCA2267-535B-4289-94BF-7FA43CA74AD3}.Debug|Any CPU.Build.0 = Debug|Any CPU
		{9CCA2267-535B-4289-94BF-7FA43CA74AD3}.Release|Any CPU.ActiveCfg = Release|Any CPU
		{9CCA2267-535B-4289-94BF-7FA43CA74AD3}.Release|Any CPU.Build.0 = Release|Any CPU
		{2D0677B5-D998-4060-A975-19C14E41F365}.Debug|Any CPU.ActiveCfg = Debug|Any CPU
		{2D0677B5-D998-4060-A975-19C14E41F365}.Debug|Any CPU.Build.0 = Debug|Any CPU
		{2D0677B5-D998-4060-A975-19C14E41F365}.Release|Any CPU.ActiveCfg = Release|Any CPU
		{2D0677B5-D998-4060-A975-19C14E41F365}.Release|Any CPU.Build.0 = Release|Any CPU
	EndGlobalSection
	GlobalSection(SolutionProperties) = preSolution
		HideSolutionNode = FALSE
	EndGlobalSection
	GlobalSection(NestedProjects) = preSolution
		{95278298-2CD9-4DF8-A732-27EE9820DE40} = {3ADA02FC-B87D-4199-A3CC-7846DE1DC952}
		{CBA2B5AC-F0DA-4362-B17C-61DCD50ACF8D} = {3ADA02FC-B87D-4199-A3CC-7846DE1DC952}
		{D685B9CB-5ACC-4F7F-98AC-C7DE782065B9} = {3ADA02FC-B87D-4199-A3CC-7846DE1DC952}
		{96DE5D41-0272-4E52-9AE3-B761A04AF535} = {3ADA02FC-B87D-4199-A3CC-7846DE1DC952}
		{9CCA2267-535B-4289-94BF-7FA43CA74AD3} = {3ADA02FC-B87D-4199-A3CC-7846DE1DC952}
		{2D0677B5-D998-4060-A975-19C14E41F365} = {3ADA02FC-B87D-4199-A3CC-7846DE1DC952}
	EndGlobalSection
	GlobalSection(ExtensibilityGlobals) = postSolution
		SolutionGuid = {CC990A86-8927-4064-BDA0-58445643A92E}
	EndGlobalSection
EndGlobal
