
Microsoft Visual Studio Solution File, Format Version 12.00
# Visual Studio Version 17
VisualStudioVersion = 17.9.34728.123
MinimumVisualStudioVersion = 10.0.40219.1
Project("{9A19103F-16F7-4668-BE54-9A1E7A4F7556}") = "WebAPI", "WebAPI\WebAPI.csproj", "{ED24763C-7C66-4C76-A3FE-1C8642A1DC04}"
EndProject
Project("{9A19103F-16F7-4668-BE54-9A1E7A4F7556}") = "Repositories", "Repositories\Repositories.csproj", "{41A7BF23-5039-4853-827B-F03BCCB47048}"
EndProject
Project("{9A19103F-16F7-4668-BE54-9A1E7A4F7556}") = "Services", "Services\Services.csproj", "{8096C23E-7C85-4ADC-B40E-BA0409EE44E5}"
EndProject
Project("{9A19103F-16F7-4668-BE54-9A1E7A4F7556}") = "Core", "Core\Core.csproj", "{C23F6356-CC0B-4AED-8FD4-156A323C44FF}"
EndProject
Project("{9A19103F-16F7-4668-BE54-9A1E7A4F7556}") = "Middlewares", "Middlewares\Middlewares.csproj", "{0CAC2419-646F-40EB-A8AE-6B6533218F78}"
EndProject
Project("{2150E333-8FDC-42A3-9474-1A3956D46DE8}") = "Solution Items", "Solution Items", "{74DB9EFB-36E8-4119-9946-CEA2FB5EC79F}"
	ProjectSection(SolutionItems) = preProject
		local_config.json = local_config.json
	EndProjectSection
EndProject
Project("{9A19103F-16F7-4668-BE54-9A1E7A4F7556}") = "ClinicPlatformWebAPI", "NLayerArchitecture\ClinicPlatformWebAPI\ClinicPlatformWebAPI.csproj", "{E584C8E0-07C7-4842-8142-39D5822180CF}"
EndProject
Project("{9A19103F-16F7-4668-BE54-9A1E7A4F7556}") = "ClinicPlatformServices", "NLayerArchitecture\ClinicPlatformServices\ClinicPlatformServices.csproj", "{E5D4BCA2-F27A-4770-9FD1-35EBE9C640D0}"
EndProject
Project("{9A19103F-16F7-4668-BE54-9A1E7A4F7556}") = "ClinicPlatformBusinessObject", "NLayerArchitecture\ClinicPlatformBusinessObject\ClinicPlatformBusinessObject.csproj", "{A82293F3-F16D-408F-B3DA-03FD284BAB1C}"
EndProject
Project("{9A19103F-16F7-4668-BE54-9A1E7A4F7556}") = "ClinicPlatformDAOs", "NLayerArchitecture\ClinicPlatformDAOs\ClinicPlatformDAOs.csproj", "{472DCED0-59F6-42D1-A579-90198F2A4B7A}"
EndProject
Project("{9A19103F-16F7-4668-BE54-9A1E7A4F7556}") = "ClinicPlatformDTOs", "NLayerArchitecture\ClinicPlatformDTOs\ClinicPlatformDTOs.csproj", "{4B83FE32-E9B2-40E1-984A-E98A59B49A64}"
EndProject
Project("{9A19103F-16F7-4668-BE54-9A1E7A4F7556}") = "ClinicPlatformRepositories", "NLayerArchitecture\ClinicPlatformRepositories\ClinicPlatformRepositories.csproj", "{2463E039-307D-41F7-88D6-66E14C797684}"
EndProject
Project("{2150E333-8FDC-42A3-9474-1A3956D46DE8}") = "DentalClinicPlatform", "DentalClinicPlatform", "{7C918E08-2FC0-43B6-BA17-86E9CACC181B}"
EndProject
Project("{2150E333-8FDC-42A3-9474-1A3956D46DE8}") = "DentalClinicPlatform_Old", "DentalClinicPlatform_Old", "{90F99057-9C47-4FA9-9B1D-B4ACE0EED766}"
EndProject
Global
	GlobalSection(SolutionConfigurationPlatforms) = preSolution
		Debug|Any CPU = Debug|Any CPU
		Release|Any CPU = Release|Any CPU
	EndGlobalSection
	GlobalSection(ProjectConfigurationPlatforms) = postSolution
		{ED24763C-7C66-4C76-A3FE-1C8642A1DC04}.Debug|Any CPU.ActiveCfg = Debug|Any CPU
		{ED24763C-7C66-4C76-A3FE-1C8642A1DC04}.Debug|Any CPU.Build.0 = Debug|Any CPU
		{ED24763C-7C66-4C76-A3FE-1C8642A1DC04}.Release|Any CPU.ActiveCfg = Release|Any CPU
		{ED24763C-7C66-4C76-A3FE-1C8642A1DC04}.Release|Any CPU.Build.0 = Release|Any CPU
		{41A7BF23-5039-4853-827B-F03BCCB47048}.Debug|Any CPU.ActiveCfg = Debug|Any CPU
		{41A7BF23-5039-4853-827B-F03BCCB47048}.Debug|Any CPU.Build.0 = Debug|Any CPU
		{41A7BF23-5039-4853-827B-F03BCCB47048}.Release|Any CPU.ActiveCfg = Release|Any CPU
		{41A7BF23-5039-4853-827B-F03BCCB47048}.Release|Any CPU.Build.0 = Release|Any CPU
		{8096C23E-7C85-4ADC-B40E-BA0409EE44E5}.Debug|Any CPU.ActiveCfg = Debug|Any CPU
		{8096C23E-7C85-4ADC-B40E-BA0409EE44E5}.Debug|Any CPU.Build.0 = Debug|Any CPU
		{8096C23E-7C85-4ADC-B40E-BA0409EE44E5}.Release|Any CPU.ActiveCfg = Release|Any CPU
		{8096C23E-7C85-4ADC-B40E-BA0409EE44E5}.Release|Any CPU.Build.0 = Release|Any CPU
		{C23F6356-CC0B-4AED-8FD4-156A323C44FF}.Debug|Any CPU.ActiveCfg = Debug|Any CPU
		{C23F6356-CC0B-4AED-8FD4-156A323C44FF}.Debug|Any CPU.Build.0 = Debug|Any CPU
		{C23F6356-CC0B-4AED-8FD4-156A323C44FF}.Release|Any CPU.ActiveCfg = Release|Any CPU
		{C23F6356-CC0B-4AED-8FD4-156A323C44FF}.Release|Any CPU.Build.0 = Release|Any CPU
		{0CAC2419-646F-40EB-A8AE-6B6533218F78}.Debug|Any CPU.ActiveCfg = Debug|Any CPU
		{0CAC2419-646F-40EB-A8AE-6B6533218F78}.Debug|Any CPU.Build.0 = Debug|Any CPU
		{0CAC2419-646F-40EB-A8AE-6B6533218F78}.Release|Any CPU.ActiveCfg = Release|Any CPU
		{0CAC2419-646F-40EB-A8AE-6B6533218F78}.Release|Any CPU.Build.0 = Release|Any CPU
		{E584C8E0-07C7-4842-8142-39D5822180CF}.Debug|Any CPU.ActiveCfg = Debug|Any CPU
		{E584C8E0-07C7-4842-8142-39D5822180CF}.Debug|Any CPU.Build.0 = Debug|Any CPU
		{E584C8E0-07C7-4842-8142-39D5822180CF}.Release|Any CPU.ActiveCfg = Release|Any CPU
		{E584C8E0-07C7-4842-8142-39D5822180CF}.Release|Any CPU.Build.0 = Release|Any CPU
		{E5D4BCA2-F27A-4770-9FD1-35EBE9C640D0}.Debug|Any CPU.ActiveCfg = Debug|Any CPU
		{E5D4BCA2-F27A-4770-9FD1-35EBE9C640D0}.Debug|Any CPU.Build.0 = Debug|Any CPU
		{E5D4BCA2-F27A-4770-9FD1-35EBE9C640D0}.Release|Any CPU.ActiveCfg = Release|Any CPU
		{E5D4BCA2-F27A-4770-9FD1-35EBE9C640D0}.Release|Any CPU.Build.0 = Release|Any CPU
		{A82293F3-F16D-408F-B3DA-03FD284BAB1C}.Debug|Any CPU.ActiveCfg = Debug|Any CPU
		{A82293F3-F16D-408F-B3DA-03FD284BAB1C}.Debug|Any CPU.Build.0 = Debug|Any CPU
		{A82293F3-F16D-408F-B3DA-03FD284BAB1C}.Release|Any CPU.ActiveCfg = Release|Any CPU
		{A82293F3-F16D-408F-B3DA-03FD284BAB1C}.Release|Any CPU.Build.0 = Release|Any CPU
		{472DCED0-59F6-42D1-A579-90198F2A4B7A}.Debug|Any CPU.ActiveCfg = Debug|Any CPU
		{472DCED0-59F6-42D1-A579-90198F2A4B7A}.Debug|Any CPU.Build.0 = Debug|Any CPU
		{472DCED0-59F6-42D1-A579-90198F2A4B7A}.Release|Any CPU.ActiveCfg = Release|Any CPU
		{472DCED0-59F6-42D1-A579-90198F2A4B7A}.Release|Any CPU.Build.0 = Release|Any CPU
		{4B83FE32-E9B2-40E1-984A-E98A59B49A64}.Debug|Any CPU.ActiveCfg = Debug|Any CPU
		{4B83FE32-E9B2-40E1-984A-E98A59B49A64}.Debug|Any CPU.Build.0 = Debug|Any CPU
		{4B83FE32-E9B2-40E1-984A-E98A59B49A64}.Release|Any CPU.ActiveCfg = Release|Any CPU
		{4B83FE32-E9B2-40E1-984A-E98A59B49A64}.Release|Any CPU.Build.0 = Release|Any CPU
		{2463E039-307D-41F7-88D6-66E14C797684}.Debug|Any CPU.ActiveCfg = Debug|Any CPU
		{2463E039-307D-41F7-88D6-66E14C797684}.Debug|Any CPU.Build.0 = Debug|Any CPU
		{2463E039-307D-41F7-88D6-66E14C797684}.Release|Any CPU.ActiveCfg = Release|Any CPU
		{2463E039-307D-41F7-88D6-66E14C797684}.Release|Any CPU.Build.0 = Release|Any CPU
	EndGlobalSection
	GlobalSection(SolutionProperties) = preSolution
		HideSolutionNode = FALSE
	EndGlobalSection
	GlobalSection(NestedProjects) = preSolution
		{ED24763C-7C66-4C76-A3FE-1C8642A1DC04} = {90F99057-9C47-4FA9-9B1D-B4ACE0EED766}
		{41A7BF23-5039-4853-827B-F03BCCB47048} = {90F99057-9C47-4FA9-9B1D-B4ACE0EED766}
		{8096C23E-7C85-4ADC-B40E-BA0409EE44E5} = {90F99057-9C47-4FA9-9B1D-B4ACE0EED766}
		{C23F6356-CC0B-4AED-8FD4-156A323C44FF} = {90F99057-9C47-4FA9-9B1D-B4ACE0EED766}
		{0CAC2419-646F-40EB-A8AE-6B6533218F78} = {90F99057-9C47-4FA9-9B1D-B4ACE0EED766}
		{E584C8E0-07C7-4842-8142-39D5822180CF} = {7C918E08-2FC0-43B6-BA17-86E9CACC181B}
		{E5D4BCA2-F27A-4770-9FD1-35EBE9C640D0} = {7C918E08-2FC0-43B6-BA17-86E9CACC181B}
		{A82293F3-F16D-408F-B3DA-03FD284BAB1C} = {7C918E08-2FC0-43B6-BA17-86E9CACC181B}
		{472DCED0-59F6-42D1-A579-90198F2A4B7A} = {7C918E08-2FC0-43B6-BA17-86E9CACC181B}
		{4B83FE32-E9B2-40E1-984A-E98A59B49A64} = {7C918E08-2FC0-43B6-BA17-86E9CACC181B}
		{2463E039-307D-41F7-88D6-66E14C797684} = {7C918E08-2FC0-43B6-BA17-86E9CACC181B}
	EndGlobalSection
	GlobalSection(ExtensibilityGlobals) = postSolution
		SolutionGuid = {CC990A86-8927-4064-BDA0-58445643A92E}
	EndGlobalSection
EndGlobal
